{
  "requires": true,
  "lockfileVersion": 1,
  "dependencies": {
    "element-theme-default": {
      "version": "1.4.7",
      "resolved": "http://r.cnpmjs.org/element-theme-default/download/element-theme-default-1.4.7.tgz",
      "integrity": "sha1-ilsijHixH+yej1QxCoDfG/tDgaM=",
      "dev": true
    }
  }
}
