{
  "lockfileVersion": 1,
  "dependencies": {
    "element-theme-chalk": {
      "version": "2.0.2",
      "resolved": "http://r.cnpmjs.org/element-theme-chalk/download/element-theme-chalk-2.0.2.tgz",
      "integrity": "sha1-p2QXeYZ3O+HUaY1adPkgD8cBf3c=",
      "dev": true
    },
    "element-theme-default": {
      "version": "1.4.7",
      "resolved": "http://r.cnpmjs.org/element-theme-default/download/element-theme-default-1.4.7.tgz",
      "integrity": "sha1-ilsijHixH+yej1QxCoDfG/tDgaM=",
      "dev": true
    }
  }
}
